
Microsoft Visual Studio Solution File, Format Version 12.00
# Visual Studio Version 17
VisualStudioVersion = 17.0.32112.339
MinimumVisualStudioVersion = 10.0.40219.1
Project("{9A19103F-16F7-4668-BE54-9A1E7A4F7556}") = "User", "User\User.csproj", "{80389DE5-4D6E-4AEC-88FE-15C341714C8B}"
EndProject
Project("{2150E333-8FDC-42A3-9474-1A3956D46DE8}") = "CustomProjects", "CustomProjects", "{493B7707-7438-431E-8B2E-721C5CF7AC34}"
EndProject
Project("{2150E333-8FDC-42A3-9474-1A3956D46DE8}") = "Tasks", "Tasks", "{187D6857-DAA0-497F-AB2D-8EF8CE93BF6D}"
EndProject
Project("{2150E333-8FDC-42A3-9474-1A3956D46DE8}") = "001_User", "001_User", "{8A61DA40-C383-48EC-B1A0-EA87D5B66AE9}"
EndProject
Project("{9A19103F-16F7-4668-BE54-9A1E7A4F7556}") = "TestUser", "TestUser\TestUser.csproj", "{C23D6329-7039-4037-B09D-9CB39E822D71}"
EndProject
Project("{9A19103F-16F7-4668-BE54-9A1E7A4F7556}") = "xUnitTestUser", "xUnitTestUser\xUnitTestUser.csproj", "{99D13F50-9FFF-42B3-94D1-7FBA1C2FEFAC}"
EndProject
Global
	GlobalSection(SolutionConfigurationPlatforms) = preSolution
		Debug|Any CPU = Debug|Any CPU
		Release|Any CPU = Release|Any CPU
	EndGlobalSection
	GlobalSection(ProjectConfigurationPlatforms) = postSolution
		{80389DE5-4D6E-4AEC-88FE-15C341714C8B}.Debug|Any CPU.ActiveCfg = Debug|Any CPU
		{80389DE5-4D6E-4AEC-88FE-15C341714C8B}.Debug|Any CPU.Build.0 = Debug|Any CPU
		{80389DE5-4D6E-4AEC-88FE-15C341714C8B}.Release|Any CPU.ActiveCfg = Release|Any CPU
		{80389DE5-4D6E-4AEC-88FE-15C341714C8B}.Release|Any CPU.Build.0 = Release|Any CPU
		{C23D6329-7039-4037-B09D-9CB39E822D71}.Debug|Any CPU.ActiveCfg = Debug|Any CPU
		{C23D6329-7039-4037-B09D-9CB39E822D71}.Debug|Any CPU.Build.0 = Debug|Any CPU
		{C23D6329-7039-4037-B09D-9CB39E822D71}.Release|Any CPU.ActiveCfg = Release|Any CPU
		{C23D6329-7039-4037-B09D-9CB39E822D71}.Release|Any CPU.Build.0 = Release|Any CPU
		{99D13F50-9FFF-42B3-94D1-7FBA1C2FEFAC}.Debug|Any CPU.ActiveCfg = Debug|Any CPU
		{99D13F50-9FFF-42B3-94D1-7FBA1C2FEFAC}.Debug|Any CPU.Build.0 = Debug|Any CPU
		{99D13F50-9FFF-42B3-94D1-7FBA1C2FEFAC}.Release|Any CPU.ActiveCfg = Release|Any CPU
		{99D13F50-9FFF-42B3-94D1-7FBA1C2FEFAC}.Release|Any CPU.Build.0 = Release|Any CPU
	EndGlobalSection
	GlobalSection(SolutionProperties) = preSolution
		HideSolutionNode = FALSE
	EndGlobalSection
	GlobalSection(NestedProjects) = preSolution
		{80389DE5-4D6E-4AEC-88FE-15C341714C8B} = {8A61DA40-C383-48EC-B1A0-EA87D5B66AE9}
		{8A61DA40-C383-48EC-B1A0-EA87D5B66AE9} = {187D6857-DAA0-497F-AB2D-8EF8CE93BF6D}
		{C23D6329-7039-4037-B09D-9CB39E822D71} = {8A61DA40-C383-48EC-B1A0-EA87D5B66AE9}
		{99D13F50-9FFF-42B3-94D1-7FBA1C2FEFAC} = {8A61DA40-C383-48EC-B1A0-EA87D5B66AE9}
	EndGlobalSection
	GlobalSection(ExtensibilityGlobals) = postSolution
		SolutionGuid = {D6C5928E-5CBC-49D0-89D3-E40B8752068B}
	EndGlobalSection
EndGlobal
